
Microsoft Visual Studio Solution File, Format Version 12.00
# Visual Studio Version 17
VisualStudioVersion = 17.8.34330.188
MinimumVisualStudioVersion = 10.0.40219.1
Project("{FAE04EC0-301F-11D3-BF4B-00C04F79EFBC}") = "UserManagment.Infrastructure", "UserManagment.Infrastructure\UserManagment.Infrastructure.csproj", "{AC1E66C8-4FD9-4AF5-B3AA-A55D16897631}"
EndProject
Project("{FAE04EC0-301F-11D3-BF4B-00C04F79EFBC}") = "UserManagment.Domain", "UserManagment.Domain\UserManagment.Domain.csproj", "{51C5D459-A96C-4260-9B47-FF5EF3627462}"
EndProject
Project("{FAE04EC0-301F-11D3-BF4B-00C04F79EFBC}") = "UserManagment.API", "UserManagment.API\UserManagment.API.csproj", "{D4EDEA1D-8354-4477-81F2-ED3BF46DF07F}"
EndProject
Project("{FAE04EC0-301F-11D3-BF4B-00C04F79EFBC}") = "UserManagment.Application", "UserManagment.Application\UserManagment.Application.csproj", "{ACFBFAA1-7D8A-4A05-A878-558529165F5F}"
EndProject
Project("{FAE04EC0-301F-11D3-BF4B-00C04F79EFBC}") = "UserManagment.Common", "UserManagment.Common\UserManagment.Common.csproj", "{C9ED6E0B-E0A7-4FD5-9468-66EC06DF8CD0}"
EndProject
Global
	GlobalSection(SolutionConfigurationPlatforms) = preSolution
		Debug|Any CPU = Debug|Any CPU
		Release|Any CPU = Release|Any CPU
	EndGlobalSection
	GlobalSection(ProjectConfigurationPlatforms) = postSolution
		{AC1E66C8-4FD9-4AF5-B3AA-A55D16897631}.Debug|Any CPU.ActiveCfg = Debug|Any CPU
		{AC1E66C8-4FD9-4AF5-B3AA-A55D16897631}.Debug|Any CPU.Build.0 = Debug|Any CPU
		{AC1E66C8-4FD9-4AF5-B3AA-A55D16897631}.Release|Any CPU.ActiveCfg = Release|Any CPU
		{AC1E66C8-4FD9-4AF5-B3AA-A55D16897631}.Release|Any CPU.Build.0 = Release|Any CPU
		{51C5D459-A96C-4260-9B47-FF5EF3627462}.Debug|Any CPU.ActiveCfg = Debug|Any CPU
		{51C5D459-A96C-4260-9B47-FF5EF3627462}.Debug|Any CPU.Build.0 = Debug|Any CPU
		{51C5D459-A96C-4260-9B47-FF5EF3627462}.Release|Any CPU.ActiveCfg = Release|Any CPU
		{51C5D459-A96C-4260-9B47-FF5EF3627462}.Release|Any CPU.Build.0 = Release|Any CPU
		{D4EDEA1D-8354-4477-81F2-ED3BF46DF07F}.Debug|Any CPU.ActiveCfg = Debug|Any CPU
		{D4EDEA1D-8354-4477-81F2-ED3BF46DF07F}.Debug|Any CPU.Build.0 = Debug|Any CPU
		{D4EDEA1D-8354-4477-81F2-ED3BF46DF07F}.Release|Any CPU.ActiveCfg = Release|Any CPU
		{D4EDEA1D-8354-4477-81F2-ED3BF46DF07F}.Release|Any CPU.Build.0 = Release|Any CPU
		{ACFBFAA1-7D8A-4A05-A878-558529165F5F}.Debug|Any CPU.ActiveCfg = Debug|Any CPU
		{ACFBFAA1-7D8A-4A05-A878-558529165F5F}.Debug|Any CPU.Build.0 = Debug|Any CPU
		{ACFBFAA1-7D8A-4A05-A878-558529165F5F}.Release|Any CPU.ActiveCfg = Release|Any CPU
		{ACFBFAA1-7D8A-4A05-A878-558529165F5F}.Release|Any CPU.Build.0 = Release|Any CPU
		{C9ED6E0B-E0A7-4FD5-9468-66EC06DF8CD0}.Debug|Any CPU.ActiveCfg = Debug|Any CPU
		{C9ED6E0B-E0A7-4FD5-9468-66EC06DF8CD0}.Debug|Any CPU.Build.0 = Debug|Any CPU
		{C9ED6E0B-E0A7-4FD5-9468-66EC06DF8CD0}.Release|Any CPU.ActiveCfg = Release|Any CPU
		{C9ED6E0B-E0A7-4FD5-9468-66EC06DF8CD0}.Release|Any CPU.Build.0 = Release|Any CPU
	EndGlobalSection
	GlobalSection(SolutionProperties) = preSolution
		HideSolutionNode = FALSE
	EndGlobalSection
	GlobalSection(ExtensibilityGlobals) = postSolution
		SolutionGuid = {49C606C7-7B7E-4565-A41C-A7BF86A403BB}
	EndGlobalSection
EndGlobal
